
Microsoft Visual Studio Solution File, Format Version 12.00
# Visual Studio Version 16
VisualStudioVersion = 16.0.29123.88
MinimumVisualStudioVersion = 10.0.40219.1
Project("{FAE04EC0-301F-11D3-BF4B-00C04F79EFBC}") = "Baidu_OCR", "Baidu_OCR\Baidu_OCR.csproj", "{AD2E8825-BDF5-4AEB-89A9-B8F1B4267B07}"
EndProject
Global
	GlobalSection(SolutionConfigurationPlatforms) = preSolution
		Debug|Any CPU = Debug|Any CPU
		Release|Any CPU = Release|Any CPU
	EndGlobalSection
	GlobalSection(ProjectConfigurationPlatforms) = postSolution
		{AD2E8825-BDF5-4AEB-89A9-B8F1B4267B07}.Debug|Any CPU.ActiveCfg = Debug|Any CPU
		{AD2E8825-BDF5-4AEB-89A9-B8F1B4267B07}.Debug|Any CPU.Build.0 = Debug|Any CPU
		{AD2E8825-BDF5-4AEB-89A9-B8F1B4267B07}.Release|Any CPU.ActiveCfg = Release|Any CPU
		{AD2E8825-BDF5-4AEB-89A9-B8F1B4267B07}.Release|Any CPU.Build.0 = Release|Any CPU
	EndGlobalSection
	GlobalSection(SolutionProperties) = preSolution
		HideSolutionNode = FALSE
	EndGlobalSection
	GlobalSection(ExtensibilityGlobals) = postSolution
		SolutionGuid = {E5D26093-C36A-4420-9760-53ABDF002929}
	EndGlobalSection
EndGlobal
